
Microsoft Visual Studio Solution File, Format Version 12.00
# Visual Studio Version 17
VisualStudioVersion = 17.13.35825.156
MinimumVisualStudioVersion = 10.0.40219.1
Project("{8BC9CEB8-8B4A-11D0-8D11-00A0C91BC942}") = "Arrays", "Arrays\Arrays.vcxproj", "{2191A032-91CC-44F1-A6F7-E774610C0F1A}"
EndProject
Project("{8BC9CEB8-8B4A-11D0-8D11-00A0C91BC942}") = "Shifts", "Shifts\Shifts.vcxproj", "{A17A0FBE-228B-461C-975D-6578453DAB2D}"
EndProject
Project("{8BC9CEB8-8B4A-11D0-8D11-00A0C91BC942}") = "Numerics", "Numerics\Numerics.vcxproj", "{0946F091-A96D-4F5D-BC54-AA4A2463E280}"
EndProject
Project("{8BC9CEB8-8B4A-11D0-8D11-00A0C91BC942}") = "Arrays2", "Arrays2\Arrays2.vcxproj", "{D5241241-B58F-4EF3-B032-6022C6C0DFF7}"
EndProject
Project("{8BC9CEB8-8B4A-11D0-8D11-00A0C91BC942}") = "Arrays3", "Arrays3\Arrays3.vcxproj", "{CED0287E-1730-4F8F-9E78-F41BA93577C3}"
EndProject
Global
	GlobalSection(SolutionConfigurationPlatforms) = preSolution
		Debug|x64 = Debug|x64
		Debug|x86 = Debug|x86
		Release|x64 = Release|x64
		Release|x86 = Release|x86
	EndGlobalSection
	GlobalSection(ProjectConfigurationPlatforms) = postSolution
		{2191A032-91CC-44F1-A6F7-E774610C0F1A}.Debug|x64.ActiveCfg = Debug|x64
		{2191A032-91CC-44F1-A6F7-E774610C0F1A}.Debug|x64.Build.0 = Debug|x64
		{2191A032-91CC-44F1-A6F7-E774610C0F1A}.Debug|x86.ActiveCfg = Debug|Win32
		{2191A032-91CC-44F1-A6F7-E774610C0F1A}.Debug|x86.Build.0 = Debug|Win32
		{2191A032-91CC-44F1-A6F7-E774610C0F1A}.Release|x64.ActiveCfg = Release|x64
		{2191A032-91CC-44F1-A6F7-E774610C0F1A}.Release|x64.Build.0 = Release|x64
		{2191A032-91CC-44F1-A6F7-E774610C0F1A}.Release|x86.ActiveCfg = Release|Win32
		{2191A032-91CC-44F1-A6F7-E774610C0F1A}.Release|x86.Build.0 = Release|Win32
		{A17A0FBE-228B-461C-975D-6578453DAB2D}.Debug|x64.ActiveCfg = Debug|x64
		{A17A0FBE-228B-461C-975D-6578453DAB2D}.Debug|x64.Build.0 = Debug|x64
		{A17A0FBE-228B-461C-975D-6578453DAB2D}.Debug|x86.ActiveCfg = Debug|Win32
		{A17A0FBE-228B-461C-975D-6578453DAB2D}.Debug|x86.Build.0 = Debug|Win32
		{A17A0FBE-228B-461C-975D-6578453DAB2D}.Release|x64.ActiveCfg = Release|x64
		{A17A0FBE-228B-461C-975D-6578453DAB2D}.Release|x64.Build.0 = Release|x64
		{A17A0FBE-228B-461C-975D-6578453DAB2D}.Release|x86.ActiveCfg = Release|Win32
		{A17A0FBE-228B-461C-975D-6578453DAB2D}.Release|x86.Build.0 = Release|Win32
		{0946F091-A96D-4F5D-BC54-AA4A2463E280}.Debug|x64.ActiveCfg = Debug|x64
		{0946F091-A96D-4F5D-BC54-AA4A2463E280}.Debug|x64.Build.0 = Debug|x64
		{0946F091-A96D-4F5D-BC54-AA4A2463E280}.Debug|x86.ActiveCfg = Debug|Win32
		{0946F091-A96D-4F5D-BC54-AA4A2463E280}.Debug|x86.Build.0 = Debug|Win32
		{0946F091-A96D-4F5D-BC54-AA4A2463E280}.Release|x64.ActiveCfg = Release|x64
		{0946F091-A96D-4F5D-BC54-AA4A2463E280}.Release|x64.Build.0 = Release|x64
		{0946F091-A96D-4F5D-BC54-AA4A2463E280}.Release|x86.ActiveCfg = Release|Win32
		{0946F091-A96D-4F5D-BC54-AA4A2463E280}.Release|x86.Build.0 = Release|Win32
		{D5241241-B58F-4EF3-B032-6022C6C0DFF7}.Debug|x64.ActiveCfg = Debug|x64
		{D5241241-B58F-4EF3-B032-6022C6C0DFF7}.Debug|x64.Build.0 = Debug|x64
		{D5241241-B58F-4EF3-B032-6022C6C0DFF7}.Debug|x86.ActiveCfg = Debug|Win32
		{D5241241-B58F-4EF3-B032-6022C6C0DFF7}.Debug|x86.Build.0 = Debug|Win32
		{D5241241-B58F-4EF3-B032-6022C6C0DFF7}.Release|x64.ActiveCfg = Release|x64
		{D5241241-B58F-4EF3-B032-6022C6C0DFF7}.Release|x64.Build.0 = Release|x64
		{D5241241-B58F-4EF3-B032-6022C6C0DFF7}.Release|x86.ActiveCfg = Release|Win32
		{D5241241-B58F-4EF3-B032-6022C6C0DFF7}.Release|x86.Build.0 = Release|Win32
		{CED0287E-1730-4F8F-9E78-F41BA93577C3}.Debug|x64.ActiveCfg = Debug|x64
		{CED0287E-1730-4F8F-9E78-F41BA93577C3}.Debug|x64.Build.0 = Debug|x64
		{CED0287E-1730-4F8F-9E78-F41BA93577C3}.Debug|x86.ActiveCfg = Debug|Win32
		{CED0287E-1730-4F8F-9E78-F41BA93577C3}.Debug|x86.Build.0 = Debug|Win32
		{CED0287E-1730-4F8F-9E78-F41BA93577C3}.Release|x64.ActiveCfg = Release|x64
		{CED0287E-1730-4F8F-9E78-F41BA93577C3}.Release|x64.Build.0 = Release|x64
		{CED0287E-1730-4F8F-9E78-F41BA93577C3}.Release|x86.ActiveCfg = Release|Win32
		{CED0287E-1730-4F8F-9E78-F41BA93577C3}.Release|x86.Build.0 = Release|Win32
	EndGlobalSection
	GlobalSection(SolutionProperties) = preSolution
		HideSolutionNode = FALSE
	EndGlobalSection
	GlobalSection(ExtensibilityGlobals) = postSolution
		SolutionGuid = {222DD834-4F8F-42CA-A086-9C77F2E334C3}
	EndGlobalSection
EndGlobal
